
Microsoft Visual Studio Solution File, Format Version 12.00
# Visual Studio Version 17
VisualStudioVersion = 17.11.35327.3
MinimumVisualStudioVersion = 10.0.40219.1
Project("{FAE04EC0-301F-11D3-BF4B-00C04F79EFBC}") = "MyPlugIn", "MyPlugIn\MyPlugIn.csproj", "{79C906C7-3517-4881-A07F-16FBB7A9564D}"
EndProject
Global
	GlobalSection(SolutionConfigurationPlatforms) = preSolution
		Debug|Any CPU = Debug|Any CPU
		Release|Any CPU = Release|Any CPU
	EndGlobalSection
	GlobalSection(ProjectConfigurationPlatforms) = postSolution
		{79C906C7-3517-4881-A07F-16FBB7A9564D}.Debug|Any CPU.ActiveCfg = Debug|Any CPU
		{79C906C7-3517-4881-A07F-16FBB7A9564D}.Debug|Any CPU.Build.0 = Debug|Any CPU
		{79C906C7-3517-4881-A07F-16FBB7A9564D}.Release|Any CPU.ActiveCfg = Release|Any CPU
		{79C906C7-3517-4881-A07F-16FBB7A9564D}.Release|Any CPU.Build.0 = Release|Any CPU
	EndGlobalSection
	GlobalSection(SolutionProperties) = preSolution
		HideSolutionNode = FALSE
	EndGlobalSection
	GlobalSection(ExtensibilityGlobals) = postSolution
		SolutionGuid = {B14E9D5B-3CA0-4172-A0AF-9C2C7299A62F}
	EndGlobalSection
EndGlobal
